
Microsoft Visual Studio Solution File, Format Version 12.00
# Visual Studio 15
VisualStudioVersion = 15.0.26730.12
MinimumVisualStudioVersion = 10.0.40219.1
Project("{8BC9CEB8-8B4A-11D0-8D11-00A0C91BC942}") = "HDU-3695", "HDU-3695\HDU-3695.vcxproj", "{55CA408F-87C9-4807-B4D0-AED854736FFB}"
EndProject
Global
	GlobalSection(SolutionConfigurationPlatforms) = preSolution
		Debug|x64 = Debug|x64
		Debug|x86 = Debug|x86
		Release|x64 = Release|x64
		Release|x86 = Release|x86
	EndGlobalSection
	GlobalSection(ProjectConfigurationPlatforms) = postSolution
		{55CA408F-87C9-4807-B4D0-AED854736FFB}.Debug|x64.ActiveCfg = Debug|x64
		{55CA408F-87C9-4807-B4D0-AED854736FFB}.Debug|x64.Build.0 = Debug|x64
		{55CA408F-87C9-4807-B4D0-AED854736FFB}.Debug|x86.ActiveCfg = Debug|Win32
		{55CA408F-87C9-4807-B4D0-AED854736FFB}.Debug|x86.Build.0 = Debug|Win32
		{55CA408F-87C9-4807-B4D0-AED854736FFB}.Release|x64.ActiveCfg = Release|x64
		{55CA408F-87C9-4807-B4D0-AED854736FFB}.Release|x64.Build.0 = Release|x64
		{55CA408F-87C9-4807-B4D0-AED854736FFB}.Release|x86.ActiveCfg = Release|Win32
		{55CA408F-87C9-4807-B4D0-AED854736FFB}.Release|x86.Build.0 = Release|Win32
	EndGlobalSection
	GlobalSection(SolutionProperties) = preSolution
		HideSolutionNode = FALSE
	EndGlobalSection
	GlobalSection(ExtensibilityGlobals) = postSolution
		SolutionGuid = {5E2E0EF8-C429-4AF9-B204-5C172E005221}
	EndGlobalSection
EndGlobal
