
Microsoft Visual Studio Solution File, Format Version 12.00
# Visual Studio 15
VisualStudioVersion = 15.0.26730.15
MinimumVisualStudioVersion = 10.0.40219.1
Project("{8BC9CEB8-8B4A-11D0-8D11-00A0C91BC942}") = "POJ-1651", "POJ-1651\POJ-1651.vcxproj", "{8283F018-117A-42AF-B7B0-8EC096B65FE2}"
EndProject
Global
	GlobalSection(SolutionConfigurationPlatforms) = preSolution
		Debug|x64 = Debug|x64
		Debug|x86 = Debug|x86
		Release|x64 = Release|x64
		Release|x86 = Release|x86
	EndGlobalSection
	GlobalSection(ProjectConfigurationPlatforms) = postSolution
		{8283F018-117A-42AF-B7B0-8EC096B65FE2}.Debug|x64.ActiveCfg = Debug|x64
		{8283F018-117A-42AF-B7B0-8EC096B65FE2}.Debug|x64.Build.0 = Debug|x64
		{8283F018-117A-42AF-B7B0-8EC096B65FE2}.Debug|x86.ActiveCfg = Debug|Win32
		{8283F018-117A-42AF-B7B0-8EC096B65FE2}.Debug|x86.Build.0 = Debug|Win32
		{8283F018-117A-42AF-B7B0-8EC096B65FE2}.Release|x64.ActiveCfg = Release|x64
		{8283F018-117A-42AF-B7B0-8EC096B65FE2}.Release|x64.Build.0 = Release|x64
		{8283F018-117A-42AF-B7B0-8EC096B65FE2}.Release|x86.ActiveCfg = Release|Win32
		{8283F018-117A-42AF-B7B0-8EC096B65FE2}.Release|x86.Build.0 = Release|Win32
	EndGlobalSection
	GlobalSection(SolutionProperties) = preSolution
		HideSolutionNode = FALSE
	EndGlobalSection
	GlobalSection(ExtensibilityGlobals) = postSolution
		SolutionGuid = {C53B861A-4BE0-49EE-8CE7-8383CF4FFE98}
	EndGlobalSection
EndGlobal
