
Microsoft Visual Studio Solution File, Format Version 12.00
# Visual Studio 15
VisualStudioVersion = 15.0.26730.15
MinimumVisualStudioVersion = 10.0.40219.1
Project("{8BC9CEB8-8B4A-11D0-8D11-00A0C91BC942}") = "HYSBZ-4299", "HYSBZ-4299\HYSBZ-4299.vcxproj", "{BA91E6ED-55F0-4DBA-A2BB-4EFA4AEABBE3}"
EndProject
Global
	GlobalSection(SolutionConfigurationPlatforms) = preSolution
		Debug|x64 = Debug|x64
		Debug|x86 = Debug|x86
		Release|x64 = Release|x64
		Release|x86 = Release|x86
	EndGlobalSection
	GlobalSection(ProjectConfigurationPlatforms) = postSolution
		{BA91E6ED-55F0-4DBA-A2BB-4EFA4AEABBE3}.Debug|x64.ActiveCfg = Debug|x64
		{BA91E6ED-55F0-4DBA-A2BB-4EFA4AEABBE3}.Debug|x64.Build.0 = Debug|x64
		{BA91E6ED-55F0-4DBA-A2BB-4EFA4AEABBE3}.Debug|x86.ActiveCfg = Debug|Win32
		{BA91E6ED-55F0-4DBA-A2BB-4EFA4AEABBE3}.Debug|x86.Build.0 = Debug|Win32
		{BA91E6ED-55F0-4DBA-A2BB-4EFA4AEABBE3}.Release|x64.ActiveCfg = Release|x64
		{BA91E6ED-55F0-4DBA-A2BB-4EFA4AEABBE3}.Release|x64.Build.0 = Release|x64
		{BA91E6ED-55F0-4DBA-A2BB-4EFA4AEABBE3}.Release|x86.ActiveCfg = Release|Win32
		{BA91E6ED-55F0-4DBA-A2BB-4EFA4AEABBE3}.Release|x86.Build.0 = Release|Win32
	EndGlobalSection
	GlobalSection(SolutionProperties) = preSolution
		HideSolutionNode = FALSE
	EndGlobalSection
	GlobalSection(ExtensibilityGlobals) = postSolution
		SolutionGuid = {DBEB0E8E-AE0B-40E9-88CE-5E2B94BFEFCB}
	EndGlobalSection
EndGlobal
